# This file is automatically @generated by Cargo.
# It is not intended for manual editing.
version = 4

[[package]]
name = "drone_app"
version = "0.1.0"
dependencies = [
 "tello",
]

[[package]]
name = "tello"
version = "0.1.0"

[[package]]
name = "tello_edu"
version = "0.1.0"
dependencies = [
 "tello",
]
